// !$*UTF8*$!
{
	archiveVersion = 1;
	classes = {
	};
	objectVersion = 50;
	objects = {

/* Begin PBXBuildFile section */
		7D8573732443E0F100C590CB /* AppDelegate.swift in Sources */ = {isa = PBXBuildFile; fileRef = 7D8573722443E0F100C590CB /* AppDelegate.swift */; };
		7D8573752443E0F100C590CB /* SceneDelegate.swift in Sources */ = {isa = PBXBuildFile; fileRef = 7D8573742443E0F100C590CB /* SceneDelegate.swift */; };
		7D8573772443E0F100C590CB /* ViewController.swift in Sources */ = {isa = PBXBuildFile; fileRef = 7D8573762443E0F100C590CB /* ViewController.swift */; };
		7D85737A2443E0F100C590CB /* Main.storyboard in Resources */ = {isa = PBXBuildFile; fileRef = 7D8573782443E0F100C590CB /* Main.storyboard */; };
		7D85737C2443E0F400C590CB /* Assets.xcassets in Resources */ = {isa = PBXBuildFile; fileRef = 7D85737B2443E0F400C590CB /* Assets.xcassets */; };
		7D85737F2443E0F400C590CB /* LaunchScreen.storyboard in Resources */ = {isa = PBXBuildFile; fileRef = 7D85737D2443E0F400C590CB /* LaunchScreen.storyboard */; };
		7D85738A2443E0F500C590CB /* tipTests.swift in Sources */ = {isa = PBXBuildFile; fileRef = 7D8573892443E0F500C590CB /* tipTests.swift */; };
		7D8573952443E0F500C590CB /* tipUITests.swift in Sources */ = {isa = PBXBuildFile; fileRef = 7D8573942443E0F500C590CB /* tipUITests.swift */; };
/* End PBXBuildFile section */

/* Begin PBXContainerItemProxy section */
		7D8573862443E0F500C590CB /* PBXContainerItemProxy */ = {
			isa = PBXContainerItemProxy;
			containerPortal = 7D8573672443E0F100C590CB /* Project object */;
			proxyType = 1;
			remoteGlobalIDString = 7D85736E2443E0F100C590CB;
			remoteInfo = tip;
		};
		7D8573912443E0F500C590CB /* PBXContainerItemProxy */ = {
			isa = PBXContainerItemProxy;
			containerPortal = 7D8573672443E0F100C590CB /* Project object */;
			proxyType = 1;
			remoteGlobalIDString = 7D85736E2443E0F100C590CB;
			remoteInfo = tip;
		};
/* End PBXContainerItemProxy section */

/* Begin PBXFileReference section */
		7D85736F2443E0F100C590CB /* tip.app */ = {isa = PBXFileReference; explicitFileType = wrapper.application; includeInIndex = 0; path = tip.app; sourceTree = BUILT_PRODUCTS_DIR; };
		7D8573722443E0F100C590CB /* AppDelegate.swift */ = {isa = PBXFileReference; lastKnownFileType = sourcecode.swift; path = AppDelegate.swift; sourceTree = "<group>"; };
		7D8573742443E0F100C590CB /* SceneDelegate.swift */ = {isa = PBXFileReference; lastKnownFileType = sourcecode.swift; path = SceneDelegate.swift; sourceTree = "<group>"; };
		7D8573762443E0F100C590CB /* ViewController.swift */ = {isa = PBXFileReference; lastKnownFileType = sourcecode.swift; path = ViewController.swift; sourceTree = "<group>"; };
		7D8573792443E0F100C590CB /* Base */ = {isa = PBXFileReference; lastKnownFileType = file.storyboard; name = Base; path = Base.lproj/Main.storyboard; sourceTree = "<group>"; };
		7D85737B2443E0F400C590CB /* Assets.xcassets */ = {isa = PBXFileReference; lastKnownFileType = folder.assetcatalog; path = Assets.xcassets; sourceTree = "<group>"; };
		7D85737E2443E0F400C590CB /* Base */ = {isa = PBXFileReference; lastKnownFileType = file.storyboard; name = Base; path = Base.lproj/LaunchScreen.storyboard; sourceTree = "<group>"; };
		7D8573802443E0F400C590CB /* Info.plist */ = {isa = PBXFileReference; lastKnownFileType = text.plist.xml; path = Info.plist; sourceTree = "<group>"; };
		7D8573852443E0F500C590CB /* tipTests.xctest */ = {isa = PBXFileReference; explicitFileType = wrapper.cfbundle; includeInIndex = 0; path = tipTests.xctest; sourceTree = BUILT_PRODUCTS_DIR; };
		7D8573892443E0F500C590CB /* tipTests.swift */ = {isa = PBXFileReference; lastKnownFileType = sourcecode.swift; path = tipTests.swift; sourceTree = "<group>"; };
		7D85738B2443E0F500C590CB /* Info.plist */ = {isa = PBXFileReference; lastKnownFileType = text.plist.xml; path = Info.plist; sourceTree = "<group>"; };
		7D8573902443E0F500C590CB /* tipUITests.xctest */ = {isa = PBXFileReference; explicitFileType = wrapper.cfbundle; includeInIndex = 0; path = tipUITests.xctest; sourceTree = BUILT_PRODUCTS_DIR; };
		7D8573942443E0F500C590CB /* tipUITests.swift */ = {isa = PBXFileReference; lastKnownFileType = sourcecode.swift; path = tipUITests.swift; sourceTree = "<group>"; };
		7D8573962443E0F500C590CB /* Info.plist */ = {isa = PBXFileReference; lastKnownFileType = text.plist.xml; path = Info.plist; sourceTree = "<group>"; };
/* End PBXFileReference section */

/* Begin PBXFrameworksBuildPhase section */
		7D85736C2443E0F100C590CB /* Frameworks */ = {
			isa = PBXFrameworksBuildPhase;
			buildActionMask = 2147483647;
			files = (
			);
			runOnlyForDeploymentPostprocessing = 0;
		};
		7D8573822443E0F500C590CB /* Frameworks */ = {
			isa = PBXFrameworksBuildPhase;
			buildActionMask = 2147483647;
			files = (
			);
			runOnlyForDeploymentPostprocessing = 0;
		};
		7D85738D2443E0F500C590CB /* Frameworks */ = {
			isa = PBXFrameworksBuildPhase;
			buildActionMask = 2147483647;
			files = (
			);
			runOnlyForDeploymentPostprocessing = 0;
		};
/* End PBXFrameworksBuildPhase section */

/* Begin PBXGroup section */
		7D8573662443E0F100C590CB = {
			isa = PBXGroup;
			children = (
				7D8573712443E0F100C590CB /* tip */,
				7D8573882443E0F500C590CB /* tipTests */,
				7D8573932443E0F500C590CB /* tipUITests */,
				7D8573702443E0F100C590CB /* Products */,
			);
			sourceTree = "<group>";
		};
		7D8573702443E0F100C590CB /* Products */ = {
			isa = PBXGroup;
			children = (
				7D85736F2443E0F100C590CB /* tip.app */,
				7D8573852443E0F500C590CB /* tipTests.xctest */,
				7D8573902443E0F500C590CB /* tipUITests.xctest */,
			);
			name = Products;
			sourceTree = "<group>";
		};
		7D8573712443E0F100C590CB /* tip */ = {
			isa = PBXGroup;
			children = (
				7D8573722443E0F100C590CB /* AppDelegate.swift */,
				7D8573742443E0F100C590CB /* SceneDelegate.swift */,
				7D8573762443E0F100C590CB /* ViewController.swift */,
				7D8573782443E0F100C590CB /* Main.storyboard */,
				7D85737B2443E0F400C590CB /* Assets.xcassets */,
				7D85737D2443E0F400C590CB /* LaunchScreen.storyboard */,
				7D8573802443E0F400C590CB /* Info.plist */,
			);
			path = tip;
			sourceTree = "<group>";
		};
		7D8573882443E0F500C590CB /* tipTests */ = {
			isa = PBXGroup;
			children = (
				7D8573892443E0F500C590CB /* tipTests.swift */,
				7D85738B2443E0F500C590CB /* Info.plist */,
			);
			path = tipTests;
			sourceTree = "<group>";
		};
		7D8573932443E0F500C590CB /* tipUITests */ = {
			isa = PBXGroup;
			children = (
				7D8573942443E0F500C590CB /* tipUITests.swift */,
				7D8573962443E0F500C590CB /* Info.plist */,
			);
			path = tipUITests;
			sourceTree = "<group>";
		};
/* End PBXGroup section */

/* Begin PBXNativeTarget section */
		7D85736E2443E0F100C590CB /* tip */ = {
			isa = PBXNativeTarget;
			buildConfigurationList = 7D8573992443E0F500C590CB /* Build configuration list for PBXNativeTarget "tip" */;
			buildPhases = (
				7D85736B2443E0F100C590CB /* Sources */,
				7D85736C2443E0F100C590CB /* Frameworks */,
				7D85736D2443E0F100C590CB /* Resources */,
			);
			buildRules = (
			);
			dependencies = (
			);
			name = tip;
			productName = tip;
			productReference = 7D85736F2443E0F100C590CB /* tip.app */;
			productType = "com.apple.product-type.application";
		};
		7D8573842443E0F500C590CB /* tipTests */ = {
			isa = PBXNativeTarget;
			buildConfigurationList = 7D85739C2443E0F500C590CB /* Build configuration list for PBXNativeTarget "tipTests" */;
			buildPhases = (
				7D8573812443E0F500C590CB /* Sources */,
				7D8573822443E0F500C590CB /* Frameworks */,
				7D8573832443E0F500C590CB /* Resources */,
			);
			buildRules = (
			);
			dependencies = (
				7D8573872443E0F500C590CB /* PBXTargetDependency */,
			);
			name = tipTests;
			productName = tipTests;
			productReference = 7D8573852443E0F500C590CB /* tipTests.xctest */;
			productType = "com.apple.product-type.bundle.unit-test";
		};
		7D85738F2443E0F500C590CB /* tipUITests */ = {
			isa = PBXNativeTarget;
			buildConfigurationList = 7D85739F2443E0F500C590CB /* Build configuration list for PBXNativeTarget "tipUITests" */;
			buildPhases = (
				7D85738C2443E0F500C590CB /* Sources */,
				7D85738D2443E0F500C590CB /* Frameworks */,
				7D85738E2443E0F500C590CB /* Resources */,
			);
			buildRules = (
			);
			dependencies = (
				7D8573922443E0F500C590CB /* PBXTargetDependency */,
			);
			name = tipUITests;
			productName = tipUITests;
			productReference = 7D8573902443E0F500C590CB /* tipUITests.xctest */;
			productType = "com.apple.product-type.bundle.ui-testing";
		};
/* End PBXNativeTarget section */

/* Begin PBXProject section */
		7D8573672443E0F100C590CB /* Project object */ = {
			isa = PBXProject;
			attributes = {
				LastSwiftUpdateCheck = 1140;
				LastUpgradeCheck = 1140;
				ORGANIZATIONNAME = "Madison Wong";
				TargetAttributes = {
					7D85736E2443E0F100C590CB = {
						CreatedOnToolsVersion = 11.4;
					};
					7D8573842443E0F500C590CB = {
						CreatedOnToolsVersion = 11.4;
						TestTargetID = 7D85736E2443E0F100C590CB;
					};
					7D85738F2443E0F500C590CB = {
						CreatedOnToolsVersion = 11.4;
						TestTargetID = 7D85736E2443E0F100C590CB;
					};
				};
			};
			buildConfigurationList = 7D85736A2443E0F100C590CB /* Build configuration list for PBXProject "tip" */;
			compatibilityVersion = "Xcode 9.3";
			developmentRegion = en;
			hasScannedForEncodings = 0;
			knownRegions = (
				en,
				Base,
			);
			mainGroup = 7D8573662443E0F100C590CB;
			productRefGroup = 7D8573702443E0F100C590CB /* Products */;
			projectDirPath = "";
			projectRoot = "";
			targets = (
				7D85736E2443E0F100C590CB /* tip */,
				7D8573842443E0F500C590CB /* tipTests */,
				7D85738F2443E0F500C590CB /* tipUITests */,
			);
		};
/* End PBXProject section */

/* Begin PBXResourcesBuildPhase section */
		7D85736D2443E0F100C590CB /* Resources */ = {
			isa = PBXResourcesBuildPhase;
			buildActionMask = 2147483647;
			files = (
				7D85737F2443E0F400C590CB /* LaunchScreen.storyboard in Resources */,
				7D85737C2443E0F400C590CB /* Assets.xcassets in Resources */,
				7D85737A2443E0F100C590CB /* Main.storyboard in Resources */,
			);
			runOnlyForDeploymentPostprocessing = 0;
		};
		7D8573832443E0F500C590CB /* Resources */ = {
			isa = PBXResourcesBuildPhase;
			buildActionMask = 2147483647;
			files = (
			);
			runOnlyForDeploymentPostprocessing = 0;
		};
		7D85738E2443E0F500C590CB /* Resources */ = {
			isa = PBXResourcesBuildPhase;
			buildActionMask = 2147483647;
			files = (
			);
			runOnlyForDeploymentPostprocessing = 0;
		};
/* End PBXResourcesBuildPhase section */

/* Begin PBXSourcesBuildPhase section */
		7D85736B2443E0F100C590CB /* Sources */ = {
			isa = PBXSourcesBuildPhase;
			buildActionMask = 2147483647;
			files = (
				7D8573772443E0F100C590CB /* ViewController.swift in Sources */,
				7D8573732443E0F100C590CB /* AppDelegate.swift in Sources */,
				7D8573752443E0F100C590CB /* SceneDelegate.swift in Sources */,
			);
			runOnlyForDeploymentPostprocessing = 0;
		};
		7D8573812443E0F500C590CB /* Sources */ = {
			isa = PBXSourcesBuildPhase;
			buildActionMask = 2147483647;
			files = (
				7D85738A2443E0F500C590CB /* tipTests.swift in Sources */,
			);
			runOnlyForDeploymentPostprocessing = 0;
		};
		7D85738C2443E0F500C590CB /* Sources */ = {
			isa = PBXSourcesBuildPhase;
			buildActionMask = 2147483647;
			files = (
				7D8573952443E0F500C590CB /* tipUITests.swift in Sources */,
			);
			runOnlyForDeploymentPostprocessing = 0;
		};
/* End PBXSourcesBuildPhase section */

/* Begin PBXTargetDependency section */
		7D8573872443E0F500C590CB /* PBXTargetDependency */ = {
			isa = PBXTargetDependency;
			target = 7D85736E2443E0F100C590CB /* tip */;
			targetProxy = 7D8573862443E0F500C590CB /* PBXContainerItemProxy */;
		};
		7D8573922443E0F500C590CB /* PBXTargetDependency */ = {
			isa = PBXTargetDependency;
			target = 7D85736E2443E0F100C590CB /* tip */;
			targetProxy = 7D8573912443E0F500C590CB /* PBXContainerItemProxy */;
		};
/* End PBXTargetDependency section */

/* Begin PBXVariantGroup section */
		7D8573782443E0F100C590CB /* Main.storyboard */ = {
			isa = PBXVariantGroup;
			children = (
				7D8573792443E0F100C590CB /* Base */,
			);
			name = Main.storyboard;
			sourceTree = "<group>";
		};
		7D85737D2443E0F400C590CB /* LaunchScreen.storyboard */ = {
			isa = PBXVariantGroup;
			children = (
				7D85737E2443E0F400C590CB /* Base */,
			);
			name = LaunchScreen.storyboard;
			sourceTree = "<group>";
		};
/* End PBXVariantGroup section */

/* Begin XCBuildConfiguration section */
		7D8573972443E0F500C590CB /* Debug */ = {
			isa = XCBuildConfiguration;
			buildSettings = {
				ALWAYS_SEARCH_USER_PATHS = NO;
				CLANG_ANALYZER_NONNULL = YES;
				CLANG_ANALYZER_NUMBER_OBJECT_CONVERSION = YES_AGGRESSIVE;
				CLANG_CXX_LANGUAGE_STANDARD = "gnu++14";
				CLANG_CXX_LIBRARY = "libc++";
				CLANG_ENABLE_MODULES = YES;
				CLANG_ENABLE_OBJC_ARC = YES;
				CLANG_ENABLE_OBJC_WEAK = YES;
				CLANG_WARN_BLOCK_CAPTURE_AUTORELEASING = YES;
				CLANG_WARN_BOOL_CONVERSION = YES;
				CLANG_WARN_COMMA = YES;
				CLANG_WARN_CONSTANT_CONVERSION = YES;
				CLANG_WARN_DEPRECATED_OBJC_IMPLEMENTATIONS = YES;
				CLANG_WARN_DIRECT_OBJC_ISA_USAGE = YES_ERROR;
				CLANG_WARN_DOCUMENTATION_COMMENTS = YES;
				CLANG_WARN_EMPTY_BODY = YES;
				CLANG_WARN_ENUM_CONVERSION = YES;
				CLANG_WARN_INFINITE_RECURSION = YES;
				CLANG_WARN_INT_CONVERSION = YES;
				CLANG_WARN_NON_LITERAL_NULL_CONVERSION = YES;
				CLANG_WARN_OBJC_IMPLICIT_RETAIN_SELF = YES;
				CLANG_WARN_OBJC_LITERAL_CONVERSION = YES;
				CLANG_WARN_OBJC_ROOT_CLASS = YES_ERROR;
				CLANG_WARN_RANGE_LOOP_ANALYSIS = YES;
				CLANG_WARN_STRICT_PROTOTYPES = YES;
				CLANG_WARN_SUSPICIOUS_MOVE = YES;
				CLANG_WARN_UNGUARDED_AVAILABILITY = YES_AGGRESSIVE;
				CLANG_WARN_UNREACHABLE_CODE = YES;
				CLANG_WARN__DUPLICATE_METHOD_MATCH = YES;
				COPY_PHASE_STRIP = NO;
				DEBUG_INFORMATION_FORMAT = dwarf;
				ENABLE_STRICT_OBJC_MSGSEND = YES;
				ENABLE_TESTABILITY = YES;
				GCC_C_LANGUAGE_STANDARD = gnu11;
				GCC_DYNAMIC_NO_PIC = NO;
				GCC_NO_COMMON_BLOCKS = YES;
				GCC_OPTIMIZATION_LEVEL = 0;
				GCC_PREPROCESSOR_DEFINITIONS = (
					"DEBUG=1",
					"$(inherited)",
				);
				GCC_WARN_64_TO_32_BIT_CONVERSION = YES;
				GCC_WARN_ABOUT_RETURN_TYPE = YES_ERROR;
				GCC_WARN_UNDECLARED_SELECTOR = YES;
				GCC_WARN_UNINITIALIZED_AUTOS = YES_AGGRESSIVE;
				GCC_WARN_UNUSED_FUNCTION = YES;
				GCC_WARN_UNUSED_VARIABLE = YES;
				IPHONEOS_DEPLOYMENT_TARGET = 13.4;
				MTL_ENABLE_DEBUG_INFO = INCLUDE_SOURCE;
				MTL_FAST_MATH = YES;
				ONLY_ACTIVE_ARCH = YES;
				SDKROOT = iphoneos;
				SWIFT_ACTIVE_COMPILATION_CONDITIONS = DEBUG;
				SWIFT_OPTIMIZATION_LEVEL = "-Onone";
			};
			name = Debug;
		};
		7D8573982443E0F500C590CB /* Release */ = {
			isa = XCBuildConfiguration;
			buildSettings = {
				ALWAYS_SEARCH_USER_PATHS = NO;
				CLANG_ANALYZER_NONNULL = YES;
				CLANG_ANALYZER_NUMBER_OBJECT_CONVERSION = YES_AGGRESSIVE;
				CLANG_CXX_LANGUAGE_STANDARD = "gnu++14";
				CLANG_CXX_LIBRARY = "libc++";
				CLANG_ENABLE_MODULES = YES;
				CLANG_ENABLE_OBJC_ARC = YES;
				CLANG_ENABLE_OBJC_WEAK = YES;
				CLANG_WARN_BLOCK_CAPTURE_AUTORELEASING = YES;
				CLANG_WARN_BOOL_CONVERSION = YES;
				CLANG_WARN_COMMA = YES;
				CLANG_WARN_CONSTANT_CONVERSION = YES;
				CLANG_WARN_DEPRECATED_OBJC_IMPLEMENTATIONS = YES;
				CLANG_WARN_DIRECT_OBJC_ISA_USAGE = YES_ERROR;
				CLANG_WARN_DOCUMENTATION_COMMENTS = YES;
				CLANG_WARN_EMPTY_BODY = YES;
				CLANG_WARN_ENUM_CONVERSION = YES;
				CLANG_WARN_INFINITE_RECURSION = YES;
				CLANG_WARN_INT_CONVERSION = YES;
				CLANG_WARN_NON_LITERAL_NULL_CONVERSION = YES;
				CLANG_WARN_OBJC_IMPLICIT_RETAIN_SELF = YES;
				CLANG_WARN_OBJC_LITERAL_CONVERSION = YES;
				CLANG_WARN_OBJC_ROOT_CLASS = YES_ERROR;
				CLANG_WARN_RANGE_LOOP_ANALYSIS = YES;
				CLANG_WARN_STRICT_PROTOTYPES = YES;
				CLANG_WARN_SUSPICIOUS_MOVE = YES;
				CLANG_WARN_UNGUARDED_AVAILABILITY = YES_AGGRESSIVE;
				CLANG_WARN_UNREACHABLE_CODE = YES;
				CLANG_WARN__DUPLICATE_METHOD_MATCH = YES;
				COPY_PHASE_STRIP = NO;
				DEBUG_INFORMATION_FORMAT = "dwarf-with-dsym";
				ENABLE_NS_ASSERTIONS = NO;
				ENABLE_STRICT_OBJC_MSGSEND = YES;
				GCC_C_LANGUAGE_STANDARD = gnu11;
				GCC_NO_COMMON_BLOCKS = YES;
				GCC_WARN_64_TO_32_BIT_CONVERSION = YES;
				GCC_WARN_ABOUT_RETURN_TYPE = YES_ERROR;
				GCC_WARN_UNDECLARED_SELECTOR = YES;
				GCC_WARN_UNINITIALIZED_AUTOS = YES_AGGRESSIVE;
				GCC_WARN_UNUSED_FUNCTION = YES;
				GCC_WARN_UNUSED_VARIABLE = YES;
				IPHONEOS_DEPLOYMENT_TARGET = 13.4;
				MTL_ENABLE_DEBUG_INFO = NO;
				MTL_FAST_MATH = YES;
				SDKROOT = iphoneos;
				SWIFT_COMPILATION_MODE = wholemodule;
				SWIFT_OPTIMIZATION_LEVEL = "-O";
				VALIDATE_PRODUCT = YES;
			};
			name = Release;
		};
		7D85739A2443E0F500C590CB /* Debug */ = {
			isa = XCBuildConfiguration;
			buildSettings = {
				ASSETCATALOG_COMPILER_APPICON_NAME = AppIcon;
				CODE_SIGN_STYLE = Automatic;
				INFOPLIST_FILE = tip/Info.plist;
				LD_RUNPATH_SEARCH_PATHS = (
					"$(inherited)",
					"@executable_path/Frameworks",
				);
				PRODUCT_BUNDLE_IDENTIFIER = hi.tip;
				PRODUCT_NAME = "$(TARGET_NAME)";
				SWIFT_VERSION = 5.0;
				TARGETED_DEVICE_FAMILY = "1,2";
			};
			name = Debug;
		};
		7D85739B2443E0F500C590CB /* Release */ = {
			isa = XCBuildConfiguration;
			buildSettings = {
				ASSETCATALOG_COMPILER_APPICON_NAME = AppIcon;
				CODE_SIGN_STYLE = Automatic;
				INFOPLIST_FILE = tip/Info.plist;
				LD_RUNPATH_SEARCH_PATHS = (
					"$(inherited)",
					"@executable_path/Frameworks",
				);
				PRODUCT_BUNDLE_IDENTIFIER = hi.tip;
				PRODUCT_NAME = "$(TARGET_NAME)";
				SWIFT_VERSION = 5.0;
				TARGETED_DEVICE_FAMILY = "1,2";
			};
			name = Release;
		};
		7D85739D2443E0F500C590CB /* Debug */ = {
			isa = XCBuildConfiguration;
			buildSettings = {
				ALWAYS_EMBED_SWIFT_STANDARD_LIBRARIES = YES;
				BUNDLE_LOADER = "$(TEST_HOST)";
				CODE_SIGN_STYLE = Automatic;
				INFOPLIST_FILE = tipTests/Info.plist;
				IPHONEOS_DEPLOYMENT_TARGET = 13.4;
				LD_RUNPATH_SEARCH_PATHS = (
					"$(inherited)",
					"@executable_path/Frameworks",
					"@loader_path/Frameworks",
				);
				PRODUCT_BUNDLE_IDENTIFIER = hi.tipTests;
				PRODUCT_NAME = "$(TARGET_NAME)";
				SWIFT_VERSION = 5.0;
				TARGETED_DEVICE_FAMILY = "1,2";
				TEST_HOST = "$(BUILT_PRODUCTS_DIR)/tip.app/tip";
			};
			name = Debug;
		};
		7D85739E2443E0F500C590CB /* Release */ = {
			isa = XCBuildConfiguration;
			buildSettings = {
				ALWAYS_EMBED_SWIFT_STANDARD_LIBRARIES = YES;
				BUNDLE_LOADER = "$(TEST_HOST)";
				CODE_SIGN_STYLE = Automatic;
				INFOPLIST_FILE = tipTests/Info.plist;
				IPHONEOS_DEPLOYMENT_TARGET = 13.4;
				LD_RUNPATH_SEARCH_PATHS = (
					"$(inherited)",
					"@executable_path/Frameworks",
					"@loader_path/Frameworks",
				);
				PRODUCT_BUNDLE_IDENTIFIER = hi.tipTests;
				PRODUCT_NAME = "$(TARGET_NAME)";
				SWIFT_VERSION = 5.0;
				TARGETED_DEVICE_FAMILY = "1,2";
				TEST_HOST = "$(BUILT_PRODUCTS_DIR)/tip.app/tip";
			};
			name = Release;
		};
		7D8573A02443E0F500C590CB /* Debug */ = {
			isa = XCBuildConfiguration;
			buildSettings = {
				ALWAYS_EMBED_SWIFT_STANDARD_LIBRARIES = YES;
				CODE_SIGN_STYLE = Automatic;
				INFOPLIST_FILE = tipUITests/Info.plist;
				LD_RUNPATH_SEARCH_PATHS = (
					"$(inherited)",
					"@executable_path/Frameworks",
					"@loader_path/Frameworks",
				);
				PRODUCT_BUNDLE_IDENTIFIER = hi.tipUITests;
				PRODUCT_NAME = "$(TARGET_NAME)";
				SWIFT_VERSION = 5.0;
				TARGETED_DEVICE_FAMILY = "1,2";
				TEST_TARGET_NAME = tip;
			};
			name = Debug;
		};
		7D8573A12443E0F500C590CB /* Release */ = {
			isa = XCBuildConfiguration;
			buildSettings = {
				ALWAYS_EMBED_SWIFT_STANDARD_LIBRARIES = YES;
				CODE_SIGN_STYLE = Automatic;
				INFOPLIST_FILE = tipUITests/Info.plist;
				LD_RUNPATH_SEARCH_PATHS = (
					"$(inherited)",
					"@executable_path/Frameworks",
					"@loader_path/Frameworks",
				);
				PRODUCT_BUNDLE_IDENTIFIER = hi.tipUITests;
				PRODUCT_NAME = "$(TARGET_NAME)";
				SWIFT_VERSION = 5.0;
				TARGETED_DEVICE_FAMILY = "1,2";
				TEST_TARGET_NAME = tip;
			};
			name = Release;
		};
/* End XCBuildConfiguration section */

/* Begin XCConfigurationList section */
		7D85736A2443E0F100C590CB /* Build configuration list for PBXProject "tip" */ = {
			isa = XCConfigurationList;
			buildConfigurations = (
				7D8573972443E0F500C590CB /* Debug */,
				7D8573982443E0F500C590CB /* Release */,
			);
			defaultConfigurationIsVisible = 0;
			defaultConfigurationName = Release;
		};
		7D8573992443E0F500C590CB /* Build configuration list for PBXNativeTarget "tip" */ = {
			isa = XCConfigurationList;
			buildConfigurations = (
				7D85739A2443E0F500C590CB /* Debug */,
				7D85739B2443E0F500C590CB /* Release */,
			);
			defaultConfigurationIsVisible = 0;
			defaultConfigurationName = Release;
		};
		7D85739C2443E0F500C590CB /* Build configuration list for PBXNativeTarget "tipTests" */ = {
			isa = XCConfigurationList;
			buildConfigurations = (
				7D85739D2443E0F500C590CB /* Debug */,
				7D85739E2443E0F500C590CB /* Release */,
			);
			defaultConfigurationIsVisible = 0;
			defaultConfigurationName = Release;
		};
		7D85739F2443E0F500C590CB /* Build configuration list for PBXNativeTarget "tipUITests" */ = {
			isa = XCConfigurationList;
			buildConfigurations = (
				7D8573A02443E0F500C590CB /* Debug */,
				7D8573A12443E0F500C590CB /* Release */,
			);
			defaultConfigurationIsVisible = 0;
			defaultConfigurationName = Release;
		};
/* End XCConfigurationList section */
	};
	rootObject = 7D8573672443E0F100C590CB /* Project object */;
}
